
Microsoft Visual Studio Solution File, Format Version 12.00
# Visual Studio Version 17
VisualStudioVersion = 17.11.35327.3
MinimumVisualStudioVersion = 10.0.40219.1
Project("{FAE04EC0-301F-11D3-BF4B-00C04F79EFBC}") = "Uppgift2MolnUtveckling", "Uppgift2MolnUtveckling\Uppgift2MolnUtveckling.csproj", "{0E2CD302-1EE7-43BA-8E43-9B9E8A6AFB0B}"
EndProject
Global
	GlobalSection(SolutionConfigurationPlatforms) = preSolution
		Debug|Any CPU = Debug|Any CPU
		Release|Any CPU = Release|Any CPU
	EndGlobalSection
	GlobalSection(ProjectConfigurationPlatforms) = postSolution
		{0E2CD302-1EE7-43BA-8E43-9B9E8A6AFB0B}.Debug|Any CPU.ActiveCfg = Debug|Any CPU
		{0E2CD302-1EE7-43BA-8E43-9B9E8A6AFB0B}.Debug|Any CPU.Build.0 = Debug|Any CPU
		{0E2CD302-1EE7-43BA-8E43-9B9E8A6AFB0B}.Release|Any CPU.ActiveCfg = Release|Any CPU
		{0E2CD302-1EE7-43BA-8E43-9B9E8A6AFB0B}.Release|Any CPU.Build.0 = Release|Any CPU
	EndGlobalSection
	GlobalSection(SolutionProperties) = preSolution
		HideSolutionNode = FALSE
	EndGlobalSection
	GlobalSection(ExtensibilityGlobals) = postSolution
		SolutionGuid = {DF9715D4-A39F-4048-9E0A-21DD53CFB1E0}
	EndGlobalSection
EndGlobal
